PODS:
  - FTAuth (0.1.0):
    - FTAuth/Full (= 0.1.0)
  - FTAuth/Full (0.1.0)
  - FTAuth/Tests (0.1.0)

DEPENDENCIES:
  - FTAuth (from `../`)
  - FTAuth/Tests (from `../`)

EXTERNAL SOURCES:
  FTAuth:
    :path: "../"

SPEC CHECKSUMS:
  FTAuth: 8719d30c80107388164e0dc31b927259947609a7

PODFILE CHECKSUM: 6d44ad01207639d3001585b9da7819d84335d20a

COCOAPODS: 1.10.0
