// !$*UTF8*$!
{
	archiveVersion = 1;
	classes = {
	};
	objectVersion = 52;
	objects = {

/* Begin PBXBuildFile section */
		C02FE63026503EE30031B659 /* Tests_macOS.swift in Sources */ = {isa = PBXBuildFile; fileRef = C02FE62F26503EE30031B659 /* Tests_macOS.swift */; };
		C02FE63226503EE30031B659 /* ExampleApp.swift in Sources */ = {isa = PBXBuildFile; fileRef = C02FE60926503EE20031B659 /* ExampleApp.swift */; };
		C02FE63326503EE30031B659 /* ExampleApp.swift in Sources */ = {isa = PBXBuildFile; fileRef = C02FE60926503EE20031B659 /* ExampleApp.swift */; };
		C02FE63426503EE30031B659 /* ContentView.swift in Sources */ = {isa = PBXBuildFile; fileRef = C02FE60A26503EE20031B659 /* ContentView.swift */; };
		C02FE63526503EE30031B659 /* ContentView.swift in Sources */ = {isa = PBXBuildFile; fileRef = C02FE60A26503EE20031B659 /* ContentView.swift */; };
		C02FE63626503EE30031B659 /* Assets.xcassets in Resources */ = {isa = PBXBuildFile; fileRef = C02FE60B26503EE30031B659 /* Assets.xcassets */; };
		C02FE63726503EE30031B659 /* Assets.xcassets in Resources */ = {isa = PBXBuildFile; fileRef = C02FE60B26503EE30031B659 /* Assets.xcassets */; };
		C02FE68126504B880031B659 /* FTAuth in Frameworks */ = {isa = PBXBuildFile; productRef = C02FE68026504B880031B659 /* FTAuth */; };
		C02FE688265050520031B659 /* FTAuth in Frameworks */ = {isa = PBXBuildFile; productRef = C02FE687265050520031B659 /* FTAuth */; };
		C02FE68A265050730031B659 /* ContentViewModel.swift in Sources */ = {isa = PBXBuildFile; fileRef = C02FE689265050730031B659 /* ContentViewModel.swift */; };
		C02FE68B265050730031B659 /* ContentViewModel.swift in Sources */ = {isa = PBXBuildFile; fileRef = C02FE689265050730031B659 /* ContentViewModel.swift */; };
		C02FE690265050BF0031B659 /* ExampleUITests.swift in Sources */ = {isa = PBXBuildFile; fileRef = C02FE68E265050A40031B659 /* ExampleUITests.swift */; };
		C02FE693265051E90031B659 /* ftauth_config.json in Resources */ = {isa = PBXBuildFile; fileRef = C02FE692265051E90031B659 /* ftauth_config.json */; };
		C02FE694265051E90031B659 /* ftauth_config.json in Resources */ = {isa = PBXBuildFile; fileRef = C02FE692265051E90031B659 /* ftauth_config.json */; };
/* End PBXBuildFile section */

/* Begin PBXContainerItemProxy section */
		C02FE62126503EE30031B659 /* PBXContainerItemProxy */ = {
			isa = PBXContainerItemProxy;
			containerPortal = C02FE60426503EE20031B659 /* Project object */;
			proxyType = 1;
			remoteGlobalIDString = C02FE60F26503EE30031B659;
			remoteInfo = "Example (iOS)";
		};
		C02FE62C26503EE30031B659 /* PBXContainerItemProxy */ = {
			isa = PBXContainerItemProxy;
			containerPortal = C02FE60426503EE20031B659 /* Project object */;
			proxyType = 1;
			remoteGlobalIDString = C02FE61726503EE30031B659;
			remoteInfo = "Example (macOS)";
		};
/* End PBXContainerItemProxy section */

/* Begin PBXFileReference section */
		C02FE60926503EE20031B659 /* ExampleApp.swift */ = {isa = PBXFileReference; lastKnownFileType = sourcecode.swift; path = ExampleApp.swift; sourceTree = "<group>"; };
		C02FE60A26503EE20031B659 /* ContentView.swift */ = {isa = PBXFileReference; lastKnownFileType = sourcecode.swift; path = ContentView.swift; sourceTree = "<group>"; };
		C02FE60B26503EE30031B659 /* Assets.xcassets */ = {isa = PBXFileReference; lastKnownFileType = folder.assetcatalog; path = Assets.xcassets; sourceTree = "<group>"; };
		C02FE61026503EE30031B659 /* Example.app */ = {isa = PBXFileReference; explicitFileType = wrapper.application; includeInIndex = 0; path = Example.app; sourceTree = BUILT_PRODUCTS_DIR; };
		C02FE61326503EE30031B659 /* Info.plist */ = {isa = PBXFileReference; lastKnownFileType = text.plist.xml; path = Info.plist; sourceTree = "<group>"; };
		C02FE61826503EE30031B659 /* Example.app */ = {isa = PBXFileReference; explicitFileType = wrapper.application; includeInIndex = 0; path = Example.app; sourceTree = BUILT_PRODUCTS_DIR; };
		C02FE61A26503EE30031B659 /* Info.plist */ = {isa = PBXFileReference; lastKnownFileType = text.plist.xml; path = Info.plist; sourceTree = "<group>"; };
		C02FE61B26503EE30031B659 /* macOS.entitlements */ = {isa = PBXFileReference; lastKnownFileType = text.plist.entitlements; path = macOS.entitlements; sourceTree = "<group>"; };
		C02FE62026503EE30031B659 /* Tests iOS.xctest */ = {isa = PBXFileReference; explicitFileType = wrapper.cfbundle; includeInIndex = 0; path = "Tests iOS.xctest"; sourceTree = BUILT_PRODUCTS_DIR; };
		C02FE62626503EE30031B659 /* Info.plist */ = {isa = PBXFileReference; lastKnownFileType = text.plist.xml; path = Info.plist; sourceTree = "<group>"; };
		C02FE62B26503EE30031B659 /* Tests macOS.xctest */ = {isa = PBXFileReference; explicitFileType = wrapper.cfbundle; includeInIndex = 0; path = "Tests macOS.xctest"; sourceTree = BUILT_PRODUCTS_DIR; };
		C02FE62F26503EE30031B659 /* Tests_macOS.swift */ = {isa = PBXFileReference; lastKnownFileType = sourcecode.swift; path = Tests_macOS.swift; sourceTree = "<group>"; };
		C02FE63126503EE30031B659 /* Info.plist */ = {isa = PBXFileReference; lastKnownFileType = text.plist.xml; path = Info.plist; sourceTree = "<group>"; };
		C02FE689265050730031B659 /* ContentViewModel.swift */ = {isa = PBXFileReference; lastKnownFileType = sourcecode.swift; path = ContentViewModel.swift; sourceTree = "<group>"; };
		C02FE68E265050A40031B659 /* ExampleUITests.swift */ = {isa = PBXFileReference; fileEncoding = 4; lastKnownFileType = sourcecode.swift; path = ExampleUITests.swift; sourceTree = "<group>"; };
		C02FE692265051E90031B659 /* ftauth_config.json */ = {isa = PBXFileReference; fileEncoding = 4; lastKnownFileType = text.json; path = ftauth_config.json; sourceTree = "<group>"; };
/* End PBXFileReference section */

/* Begin PBXFrameworksBuildPhase section */
		C02FE60D26503EE30031B659 /* Frameworks */ = {
			isa = PBXFrameworksBuildPhase;
			buildActionMask = 2147483647;
			files = (
				C02FE68126504B880031B659 /* FTAuth in Frameworks */,
			);
			runOnlyForDeploymentPostprocessing = 0;
		};
		C02FE61526503EE30031B659 /* Frameworks */ = {
			isa = PBXFrameworksBuildPhase;
			buildActionMask = 2147483647;
			files = (
				C02FE688265050520031B659 /* FTAuth in Frameworks */,
			);
			runOnlyForDeploymentPostprocessing = 0;
		};
		C02FE61D26503EE30031B659 /* Frameworks */ = {
			isa = PBXFrameworksBuildPhase;
			buildActionMask = 2147483647;
			files = (
			);
			runOnlyForDeploymentPostprocessing = 0;
		};
		C02FE62826503EE30031B659 /* Frameworks */ = {
			isa = PBXFrameworksBuildPhase;
			buildActionMask = 2147483647;
			files = (
			);
			runOnlyForDeploymentPostprocessing = 0;
		};
/* End PBXFrameworksBuildPhase section */

/* Begin PBXGroup section */
		C02FE60326503EE20031B659 = {
			isa = PBXGroup;
			children = (
				C02FE60826503EE20031B659 /* Shared */,
				C02FE61226503EE30031B659 /* iOS */,
				C02FE61926503EE30031B659 /* macOS */,
				C02FE62326503EE30031B659 /* Tests iOS */,
				C02FE62E26503EE30031B659 /* Tests macOS */,
				C02FE61126503EE30031B659 /* Products */,
				C02FE686265050520031B659 /* Frameworks */,
			);
			sourceTree = "<group>";
		};
		C02FE60826503EE20031B659 /* Shared */ = {
			isa = PBXGroup;
			children = (
				C02FE692265051E90031B659 /* ftauth_config.json */,
				C02FE60926503EE20031B659 /* ExampleApp.swift */,
				C02FE60A26503EE20031B659 /* ContentView.swift */,
				C02FE60B26503EE30031B659 /* Assets.xcassets */,
				C02FE689265050730031B659 /* ContentViewModel.swift */,
			);
			path = Shared;
			sourceTree = "<group>";
		};
		C02FE61126503EE30031B659 /* Products */ = {
			isa = PBXGroup;
			children = (
				C02FE61026503EE30031B659 /* Example.app */,
				C02FE61826503EE30031B659 /* Example.app */,
				C02FE62026503EE30031B659 /* Tests iOS.xctest */,
				C02FE62B26503EE30031B659 /* Tests macOS.xctest */,
			);
			name = Products;
			sourceTree = "<group>";
		};
		C02FE61226503EE30031B659 /* iOS */ = {
			isa = PBXGroup;
			children = (
				C02FE61326503EE30031B659 /* Info.plist */,
			);
			path = iOS;
			sourceTree = "<group>";
		};
		C02FE61926503EE30031B659 /* macOS */ = {
			isa = PBXGroup;
			children = (
				C02FE61A26503EE30031B659 /* Info.plist */,
				C02FE61B26503EE30031B659 /* macOS.entitlements */,
			);
			path = macOS;
			sourceTree = "<group>";
		};
		C02FE62326503EE30031B659 /* Tests iOS */ = {
			isa = PBXGroup;
			children = (
				C02FE68E265050A40031B659 /* ExampleUITests.swift */,
				C02FE62626503EE30031B659 /* Info.plist */,
			);
			path = "Tests iOS";
			sourceTree = "<group>";
		};
		C02FE62E26503EE30031B659 /* Tests macOS */ = {
			isa = PBXGroup;
			children = (
				C02FE62F26503EE30031B659 /* Tests_macOS.swift */,
				C02FE63126503EE30031B659 /* Info.plist */,
			);
			path = "Tests macOS";
			sourceTree = "<group>";
		};
		C02FE686265050520031B659 /* Frameworks */ = {
			isa = PBXGroup;
			children = (
			);
			name = Frameworks;
			sourceTree = "<group>";
		};
/* End PBXGroup section */

/* Begin PBXNativeTarget section */
		C02FE60F26503EE30031B659 /* Example (iOS) */ = {
			isa = PBXNativeTarget;
			buildConfigurationList = C02FE63A26503EE30031B659 /* Build configuration list for PBXNativeTarget "Example (iOS)" */;
			buildPhases = (
				C02FE60C26503EE30031B659 /* Sources */,
				C02FE60D26503EE30031B659 /* Frameworks */,
				C02FE60E26503EE30031B659 /* Resources */,
			);
			buildRules = (
			);
			dependencies = (
			);
			name = "Example (iOS)";
			packageProductDependencies = (
				C02FE68026504B880031B659 /* FTAuth */,
			);
			productName = "Example (iOS)";
			productReference = C02FE61026503EE30031B659 /* Example.app */;
			productType = "com.apple.product-type.application";
		};
		C02FE61726503EE30031B659 /* Example (macOS) */ = {
			isa = PBXNativeTarget;
			buildConfigurationList = C02FE63D26503EE30031B659 /* Build configuration list for PBXNativeTarget "Example (macOS)" */;
			buildPhases = (
				C02FE61426503EE30031B659 /* Sources */,
				C02FE61526503EE30031B659 /* Frameworks */,
				C02FE61626503EE30031B659 /* Resources */,
			);
			buildRules = (
			);
			dependencies = (
			);
			name = "Example (macOS)";
			packageProductDependencies = (
				C02FE687265050520031B659 /* FTAuth */,
			);
			productName = "Example (macOS)";
			productReference = C02FE61826503EE30031B659 /* Example.app */;
			productType = "com.apple.product-type.application";
		};
		C02FE61F26503EE30031B659 /* Tests iOS */ = {
			isa = PBXNativeTarget;
			buildConfigurationList = C02FE64026503EE30031B659 /* Build configuration list for PBXNativeTarget "Tests iOS" */;
			buildPhases = (
				C02FE61C26503EE30031B659 /* Sources */,
				C02FE61D26503EE30031B659 /* Frameworks */,
				C02FE61E26503EE30031B659 /* Resources */,
			);
			buildRules = (
			);
			dependencies = (
				C02FE62226503EE30031B659 /* PBXTargetDependency */,
			);
			name = "Tests iOS";
			productName = "Tests iOS";
			productReference = C02FE62026503EE30031B659 /* Tests iOS.xctest */;
			productType = "com.apple.product-type.bundle.ui-testing";
		};
		C02FE62A26503EE30031B659 /* Tests macOS */ = {
			isa = PBXNativeTarget;
			buildConfigurationList = C02FE64326503EE30031B659 /* Build configuration list for PBXNativeTarget "Tests macOS" */;
			buildPhases = (
				C02FE62726503EE30031B659 /* Sources */,
				C02FE62826503EE30031B659 /* Frameworks */,
				C02FE62926503EE30031B659 /* Resources */,
			);
			buildRules = (
			);
			dependencies = (
				C02FE62D26503EE30031B659 /* PBXTargetDependency */,
			);
			name = "Tests macOS";
			productName = "Tests macOS";
			productReference = C02FE62B26503EE30031B659 /* Tests macOS.xctest */;
			productType = "com.apple.product-type.bundle.ui-testing";
		};
/* End PBXNativeTarget section */

/* Begin PBXProject section */
		C02FE60426503EE20031B659 /* Project object */ = {
			isa = PBXProject;
			attributes = {
				LastSwiftUpdateCheck = 1250;
				LastUpgradeCheck = 1250;
				TargetAttributes = {
					C02FE60F26503EE30031B659 = {
						CreatedOnToolsVersion = 12.5;
					};
					C02FE61726503EE30031B659 = {
						CreatedOnToolsVersion = 12.5;
					};
					C02FE61F26503EE30031B659 = {
						CreatedOnToolsVersion = 12.5;
						TestTargetID = C02FE60F26503EE30031B659;
					};
					C02FE62A26503EE30031B659 = {
						CreatedOnToolsVersion = 12.5;
						TestTargetID = C02FE61726503EE30031B659;
					};
				};
			};
			buildConfigurationList = C02FE60726503EE20031B659 /* Build configuration list for PBXProject "Example" */;
			compatibilityVersion = "Xcode 9.3";
			developmentRegion = en;
			hasScannedForEncodings = 0;
			knownRegions = (
				en,
				Base,
			);
			mainGroup = C02FE60326503EE20031B659;
			packageReferences = (
				C02FE67F26504B880031B659 /* XCRemoteSwiftPackageReference "sdk-ios" */,
			);
			productRefGroup = C02FE61126503EE30031B659 /* Products */;
			projectDirPath = "";
			projectRoot = "";
			targets = (
				C02FE60F26503EE30031B659 /* Example (iOS) */,
				C02FE61726503EE30031B659 /* Example (macOS) */,
				C02FE61F26503EE30031B659 /* Tests iOS */,
				C02FE62A26503EE30031B659 /* Tests macOS */,
			);
		};
/* End PBXProject section */

/* Begin PBXResourcesBuildPhase section */
		C02FE60E26503EE30031B659 /* Resources */ = {
			isa = PBXResourcesBuildPhase;
			buildActionMask = 2147483647;
			files = (
				C02FE63626503EE30031B659 /* Assets.xcassets in Resources */,
				C02FE693265051E90031B659 /* ftauth_config.json in Resources */,
			);
			runOnlyForDeploymentPostprocessing = 0;
		};
		C02FE61626503EE30031B659 /* Resources */ = {
			isa = PBXResourcesBuildPhase;
			buildActionMask = 2147483647;
			files = (
				C02FE63726503EE30031B659 /* Assets.xcassets in Resources */,
				C02FE694265051E90031B659 /* ftauth_config.json in Resources */,
			);
			runOnlyForDeploymentPostprocessing = 0;
		};
		C02FE61E26503EE30031B659 /* Resources */ = {
			isa = PBXResourcesBuildPhase;
			buildActionMask = 2147483647;
			files = (
			);
			runOnlyForDeploymentPostprocessing = 0;
		};
		C02FE62926503EE30031B659 /* Resources */ = {
			isa = PBXResourcesBuildPhase;
			buildActionMask = 2147483647;
			files = (
			);
			runOnlyForDeploymentPostprocessing = 0;
		};
/* End PBXResourcesBuildPhase section */

/* Begin PBXSourcesBuildPhase section */
		C02FE60C26503EE30031B659 /* Sources */ = {
			isa = PBXSourcesBuildPhase;
			buildActionMask = 2147483647;
			files = (
				C02FE63426503EE30031B659 /* ContentView.swift in Sources */,
				C02FE63226503EE30031B659 /* ExampleApp.swift in Sources */,
				C02FE68A265050730031B659 /* ContentViewModel.swift in Sources */,
			);
			runOnlyForDeploymentPostprocessing = 0;
		};
		C02FE61426503EE30031B659 /* Sources */ = {
			isa = PBXSourcesBuildPhase;
			buildActionMask = 2147483647;
			files = (
				C02FE63526503EE30031B659 /* ContentView.swift in Sources */,
				C02FE63326503EE30031B659 /* ExampleApp.swift in Sources */,
				C02FE68B265050730031B659 /* ContentViewModel.swift in Sources */,
			);
			runOnlyForDeploymentPostprocessing = 0;
		};
		C02FE61C26503EE30031B659 /* Sources */ = {
			isa = PBXSourcesBuildPhase;
			buildActionMask = 2147483647;
			files = (
			);
			runOnlyForDeploymentPostprocessing = 0;
		};
		C02FE62726503EE30031B659 /* Sources */ = {
			isa = PBXSourcesBuildPhase;
			buildActionMask = 2147483647;
			files = (
				C02FE690265050BF0031B659 /* ExampleUITests.swift in Sources */,
				C02FE63026503EE30031B659 /* Tests_macOS.swift in Sources */,
			);
			runOnlyForDeploymentPostprocessing = 0;
		};
/* End PBXSourcesBuildPhase section */

/* Begin PBXTargetDependency section */
		C02FE62226503EE30031B659 /* PBXTargetDependency */ = {
			isa = PBXTargetDependency;
			target = C02FE60F26503EE30031B659 /* Example (iOS) */;
			targetProxy = C02FE62126503EE30031B659 /* PBXContainerItemProxy */;
		};
		C02FE62D26503EE30031B659 /* PBXTargetDependency */ = {
			isa = PBXTargetDependency;
			target = C02FE61726503EE30031B659 /* Example (macOS) */;
			targetProxy = C02FE62C26503EE30031B659 /* PBXContainerItemProxy */;
		};
/* End PBXTargetDependency section */

/* Begin XCBuildConfiguration section */
		C02FE63826503EE30031B659 /* Debug */ = {
			isa = XCBuildConfiguration;
			buildSettings = {
				ALWAYS_SEARCH_USER_PATHS = NO;
				CLANG_ANALYZER_NONNULL = YES;
				CLANG_ANALYZER_NUMBER_OBJECT_CONVERSION = YES_AGGRESSIVE;
				CLANG_CXX_LANGUAGE_STANDARD = "gnu++14";
				CLANG_CXX_LIBRARY = "libc++";
				CLANG_ENABLE_MODULES = YES;
				CLANG_ENABLE_OBJC_ARC = YES;
				CLANG_ENABLE_OBJC_WEAK = YES;
				CLANG_WARN_BLOCK_CAPTURE_AUTORELEASING = YES;
				CLANG_WARN_BOOL_CONVERSION = YES;
				CLANG_WARN_COMMA = YES;
				CLANG_WARN_CONSTANT_CONVERSION = YES;
				CLANG_WARN_DEPRECATED_OBJC_IMPLEMENTATIONS = YES;
				CLANG_WARN_DIRECT_OBJC_ISA_USAGE = YES_ERROR;
				CLANG_WARN_DOCUMENTATION_COMMENTS = YES;
				CLANG_WARN_EMPTY_BODY = YES;
				CLANG_WARN_ENUM_CONVERSION = YES;
				CLANG_WARN_INFINITE_RECURSION = YES;
				CLANG_WARN_INT_CONVERSION = YES;
				CLANG_WARN_NON_LITERAL_NULL_CONVERSION = YES;
				CLANG_WARN_OBJC_IMPLICIT_RETAIN_SELF = YES;
				CLANG_WARN_OBJC_LITERAL_CONVERSION = YES;
				CLANG_WARN_OBJC_ROOT_CLASS = YES_ERROR;
				CLANG_WARN_QUOTED_INCLUDE_IN_FRAMEWORK_HEADER = YES;
				CLANG_WARN_RANGE_LOOP_ANALYSIS = YES;
				CLANG_WARN_STRICT_PROTOTYPES = YES;
				CLANG_WARN_SUSPICIOUS_MOVE = YES;
				CLANG_WARN_UNGUARDED_AVAILABILITY = YES_AGGRESSIVE;
				CLANG_WARN_UNREACHABLE_CODE = YES;
				CLANG_WARN__DUPLICATE_METHOD_MATCH = YES;
				COPY_PHASE_STRIP = NO;
				DEBUG_INFORMATION_FORMAT = dwarf;
				ENABLE_STRICT_OBJC_MSGSEND = YES;
				ENABLE_TESTABILITY = YES;
				GCC_C_LANGUAGE_STANDARD = gnu11;
				GCC_DYNAMIC_NO_PIC = NO;
				GCC_NO_COMMON_BLOCKS = YES;
				GCC_OPTIMIZATION_LEVEL = 0;
				GCC_PREPROCESSOR_DEFINITIONS = (
					"DEBUG=1",
					"$(inherited)",
				);
				GCC_WARN_64_TO_32_BIT_CONVERSION = YES;
				GCC_WARN_ABOUT_RETURN_TYPE = YES_ERROR;
				GCC_WARN_UNDECLARED_SELECTOR = YES;
				GCC_WARN_UNINITIALIZED_AUTOS = YES_AGGRESSIVE;
				GCC_WARN_UNUSED_FUNCTION = YES;
				GCC_WARN_UNUSED_VARIABLE = YES;
				MTL_ENABLE_DEBUG_INFO = INCLUDE_SOURCE;
				MTL_FAST_MATH = YES;
				ONLY_ACTIVE_ARCH = YES;
				SWIFT_ACTIVE_COMPILATION_CONDITIONS = DEBUG;
				SWIFT_OPTIMIZATION_LEVEL = "-Onone";
			};
			name = Debug;
		};
		C02FE63926503EE30031B659 /* Release */ = {
			isa = XCBuildConfiguration;
			buildSettings = {
				ALWAYS_SEARCH_USER_PATHS = NO;
				CLANG_ANALYZER_NONNULL = YES;
				CLANG_ANALYZER_NUMBER_OBJECT_CONVERSION = YES_AGGRESSIVE;
				CLANG_CXX_LANGUAGE_STANDARD = "gnu++14";
				CLANG_CXX_LIBRARY = "libc++";
				CLANG_ENABLE_MODULES = YES;
				CLANG_ENABLE_OBJC_ARC = YES;
				CLANG_ENABLE_OBJC_WEAK = YES;
				CLANG_WARN_BLOCK_CAPTURE_AUTORELEASING = YES;
				CLANG_WARN_BOOL_CONVERSION = YES;
				CLANG_WARN_COMMA = YES;
				CLANG_WARN_CONSTANT_CONVERSION = YES;
				CLANG_WARN_DEPRECATED_OBJC_IMPLEMENTATIONS = YES;
				CLANG_WARN_DIRECT_OBJC_ISA_USAGE = YES_ERROR;
				CLANG_WARN_DOCUMENTATION_COMMENTS = YES;
				CLANG_WARN_EMPTY_BODY = YES;
				CLANG_WARN_ENUM_CONVERSION = YES;
				CLANG_WARN_INFINITE_RECURSION = YES;
				CLANG_WARN_INT_CONVERSION = YES;
				CLANG_WARN_NON_LITERAL_NULL_CONVERSION = YES;
				CLANG_WARN_OBJC_IMPLICIT_RETAIN_SELF = YES;
				CLANG_WARN_OBJC_LITERAL_CONVERSION = YES;
				CLANG_WARN_OBJC_ROOT_CLASS = YES_ERROR;
				CLANG_WARN_QUOTED_INCLUDE_IN_FRAMEWORK_HEADER = YES;
				CLANG_WARN_RANGE_LOOP_ANALYSIS = YES;
				CLANG_WARN_STRICT_PROTOTYPES = YES;
				CLANG_WARN_SUSPICIOUS_MOVE = YES;
				CLANG_WARN_UNGUARDED_AVAILABILITY = YES_AGGRESSIVE;
				CLANG_WARN_UNREACHABLE_CODE = YES;
				CLANG_WARN__DUPLICATE_METHOD_MATCH = YES;
				COPY_PHASE_STRIP = NO;
				DEBUG_INFORMATION_FORMAT = "dwarf-with-dsym";
				ENABLE_NS_ASSERTIONS = NO;
				ENABLE_STRICT_OBJC_MSGSEND = YES;
				GCC_C_LANGUAGE_STANDARD = gnu11;
				GCC_NO_COMMON_BLOCKS = YES;
				GCC_WARN_64_TO_32_BIT_CONVERSION = YES;
				GCC_WARN_ABOUT_RETURN_TYPE = YES_ERROR;
				GCC_WARN_UNDECLARED_SELECTOR = YES;
				GCC_WARN_UNINITIALIZED_AUTOS = YES_AGGRESSIVE;
				GCC_WARN_UNUSED_FUNCTION = YES;
				GCC_WARN_UNUSED_VARIABLE = YES;
				MTL_ENABLE_DEBUG_INFO = NO;
				MTL_FAST_MATH = YES;
				SWIFT_COMPILATION_MODE = wholemodule;
				SWIFT_OPTIMIZATION_LEVEL = "-O";
			};
			name = Release;
		};
		C02FE63B26503EE30031B659 /* Debug */ = {
			isa = XCBuildConfiguration;
			buildSettings = {
				ASSETCATALOG_COMPILER_APPICON_NAME = AppIcon;
				ASSETCATALOG_COMPILER_GLOBAL_ACCENT_COLOR_NAME = AccentColor;
				CODE_SIGN_STYLE = Automatic;
				DEVELOPMENT_TEAM = 6NFV336UD2;
				ENABLE_PREVIEWS = YES;
				EXCLUDED_ARCHS = armv7;
				INFOPLIST_FILE = iOS/Info.plist;
				IPHONEOS_DEPLOYMENT_TARGET = 14.0;
				LD_RUNPATH_SEARCH_PATHS = (
					"$(inherited)",
					"@executable_path/Frameworks",
				);
				PRODUCT_BUNDLE_IDENTIFIER = io.ftauth.Example;
				PRODUCT_NAME = Example;
				SDKROOT = iphoneos;
				SWIFT_VERSION = 5.0;
				TARGETED_DEVICE_FAMILY = "1,2";
			};
			name = Debug;
		};
		C02FE63C26503EE30031B659 /* Release */ = {
			isa = XCBuildConfiguration;
			buildSettings = {
				ASSETCATALOG_COMPILER_APPICON_NAME = AppIcon;
				ASSETCATALOG_COMPILER_GLOBAL_ACCENT_COLOR_NAME = AccentColor;
				CODE_SIGN_STYLE = Automatic;
				DEVELOPMENT_TEAM = 6NFV336UD2;
				ENABLE_PREVIEWS = YES;
				EXCLUDED_ARCHS = armv7;
				INFOPLIST_FILE = iOS/Info.plist;
				IPHONEOS_DEPLOYMENT_TARGET = 14.0;
				LD_RUNPATH_SEARCH_PATHS = (
					"$(inherited)",
					"@executable_path/Frameworks",
				);
				PRODUCT_BUNDLE_IDENTIFIER = io.ftauth.Example;
				PRODUCT_NAME = Example;
				SDKROOT = iphoneos;
				SWIFT_VERSION = 5.0;
				TARGETED_DEVICE_FAMILY = "1,2";
				VALIDATE_PRODUCT = YES;
			};
			name = Release;
		};
		C02FE63E26503EE30031B659 /* Debug */ = {
			isa = XCBuildConfiguration;
			buildSettings = {
				ASSETCATALOG_COMPILER_APPICON_NAME = AppIcon;
				ASSETCATALOG_COMPILER_GLOBAL_ACCENT_COLOR_NAME = AccentColor;
				CODE_SIGN_ENTITLEMENTS = macOS/macOS.entitlements;
				CODE_SIGN_STYLE = Automatic;
				COMBINE_HIDPI_IMAGES = YES;
				ENABLE_PREVIEWS = YES;
				INFOPLIST_FILE = macOS/Info.plist;
				LD_RUNPATH_SEARCH_PATHS = (
					"$(inherited)",
					"@executable_path/../Frameworks",
				);
				MACOSX_DEPLOYMENT_TARGET = 11.0;
				PRODUCT_BUNDLE_IDENTIFIER = io.ftauth.Example;
				PRODUCT_NAME = Example;
				SDKROOT = macosx;
				SWIFT_VERSION = 5.0;
			};
			name = Debug;
		};
		C02FE63F26503EE30031B659 /* Release */ = {
			isa = XCBuildConfiguration;
			buildSettings = {
				ASSETCATALOG_COMPILER_APPICON_NAME = AppIcon;
				ASSETCATALOG_COMPILER_GLOBAL_ACCENT_COLOR_NAME = AccentColor;
				CODE_SIGN_ENTITLEMENTS = macOS/macOS.entitlements;
				CODE_SIGN_STYLE = Automatic;
				COMBINE_HIDPI_IMAGES = YES;
				ENABLE_PREVIEWS = YES;
				INFOPLIST_FILE = macOS/Info.plist;
				LD_RUNPATH_SEARCH_PATHS = (
					"$(inherited)",
					"@executable_path/../Frameworks",
				);
				MACOSX_DEPLOYMENT_TARGET = 11.0;
				PRODUCT_BUNDLE_IDENTIFIER = io.ftauth.Example;
				PRODUCT_NAME = Example;
				SDKROOT = macosx;
				SWIFT_VERSION = 5.0;
			};
			name = Release;
		};
		C02FE64126503EE30031B659 /* Debug */ = {
			isa = XCBuildConfiguration;
			buildSettings = {
				ALWAYS_EMBED_SWIFT_STANDARD_LIBRARIES = YES;
				CODE_SIGN_STYLE = Automatic;
				INFOPLIST_FILE = "Tests iOS/Info.plist";
				IPHONEOS_DEPLOYMENT_TARGET = 14.5;
				LD_RUNPATH_SEARCH_PATHS = (
					"$(inherited)",
					"@executable_path/Frameworks",
					"@loader_path/Frameworks",
				);
				PRODUCT_BUNDLE_IDENTIFIER = "io.ftauth.Tests-iOS";
				PRODUCT_NAME = "$(TARGET_NAME)";
				SDKROOT = iphoneos;
				SWIFT_VERSION = 5.0;
				TARGETED_DEVICE_FAMILY = "1,2";
				TEST_TARGET_NAME = "Example (iOS)";
			};
			name = Debug;
		};
		C02FE64226503EE30031B659 /* Release */ = {
			isa = XCBuildConfiguration;
			buildSettings = {
				ALWAYS_EMBED_SWIFT_STANDARD_LIBRARIES = YES;
				CODE_SIGN_STYLE = Automatic;
				INFOPLIST_FILE = "Tests iOS/Info.plist";
				IPHONEOS_DEPLOYMENT_TARGET = 14.5;
				LD_RUNPATH_SEARCH_PATHS = (
					"$(inherited)",
					"@executable_path/Frameworks",
					"@loader_path/Frameworks",
				);
				PRODUCT_BUNDLE_IDENTIFIER = "io.ftauth.Tests-iOS";
				PRODUCT_NAME = "$(TARGET_NAME)";
				SDKROOT = iphoneos;
				SWIFT_VERSION = 5.0;
				TARGETED_DEVICE_FAMILY = "1,2";
				TEST_TARGET_NAME = "Example (iOS)";
				VALIDATE_PRODUCT = YES;
			};
			name = Release;
		};
		C02FE64426503EE30031B659 /* Debug */ = {
			isa = XCBuildConfiguration;
			buildSettings = {
				ALWAYS_EMBED_SWIFT_STANDARD_LIBRARIES = YES;
				CODE_SIGN_STYLE = Automatic;
				COMBINE_HIDPI_IMAGES = YES;
				INFOPLIST_FILE = "Tests macOS/Info.plist";
				LD_RUNPATH_SEARCH_PATHS = (
					"$(inherited)",
					"@executable_path/../Frameworks",
					"@loader_path/../Frameworks",
				);
				MACOSX_DEPLOYMENT_TARGET = 11.3;
				PRODUCT_BUNDLE_IDENTIFIER = "io.ftauth.Tests-macOS";
				PRODUCT_NAME = "$(TARGET_NAME)";
				SDKROOT = macosx;
				SWIFT_VERSION = 5.0;
				TEST_TARGET_NAME = "Example (macOS)";
			};
			name = Debug;
		};
		C02FE64526503EE30031B659 /* Release */ = {
			isa = XCBuildConfiguration;
			buildSettings = {
				ALWAYS_EMBED_SWIFT_STANDARD_LIBRARIES = YES;
				CODE_SIGN_STYLE = Automatic;
				COMBINE_HIDPI_IMAGES = YES;
				INFOPLIST_FILE = "Tests macOS/Info.plist";
				LD_RUNPATH_SEARCH_PATHS = (
					"$(inherited)",
					"@executable_path/../Frameworks",
					"@loader_path/../Frameworks",
				);
				MACOSX_DEPLOYMENT_TARGET = 11.3;
				PRODUCT_BUNDLE_IDENTIFIER = "io.ftauth.Tests-macOS";
				PRODUCT_NAME = "$(TARGET_NAME)";
				SDKROOT = macosx;
				SWIFT_VERSION = 5.0;
				TEST_TARGET_NAME = "Example (macOS)";
			};
			name = Release;
		};
/* End XCBuildConfiguration section */

/* Begin XCConfigurationList section */
		C02FE60726503EE20031B659 /* Build configuration list for PBXProject "Example" */ = {
			isa = XCConfigurationList;
			buildConfigurations = (
				C02FE63826503EE30031B659 /* Debug */,
				C02FE63926503EE30031B659 /* Release */,
			);
			defaultConfigurationIsVisible = 0;
			defaultConfigurationName = Release;
		};
		C02FE63A26503EE30031B659 /* Build configuration list for PBXNativeTarget "Example (iOS)" */ = {
			isa = XCConfigurationList;
			buildConfigurations = (
				C02FE63B26503EE30031B659 /* Debug */,
				C02FE63C26503EE30031B659 /* Release */,
			);
			defaultConfigurationIsVisible = 0;
			defaultConfigurationName = Release;
		};
		C02FE63D26503EE30031B659 /* Build configuration list for PBXNativeTarget "Example (macOS)" */ = {
			isa = XCConfigurationList;
			buildConfigurations = (
				C02FE63E26503EE30031B659 /* Debug */,
				C02FE63F26503EE30031B659 /* Release */,
			);
			defaultConfigurationIsVisible = 0;
			defaultConfigurationName = Release;
		};
		C02FE64026503EE30031B659 /* Build configuration list for PBXNativeTarget "Tests iOS" */ = {
			isa = XCConfigurationList;
			buildConfigurations = (
				C02FE64126503EE30031B659 /* Debug */,
				C02FE64226503EE30031B659 /* Release */,
			);
			defaultConfigurationIsVisible = 0;
			defaultConfigurationName = Release;
		};
		C02FE64326503EE30031B659 /* Build configuration list for PBXNativeTarget "Tests macOS" */ = {
			isa = XCConfigurationList;
			buildConfigurations = (
				C02FE64426503EE30031B659 /* Debug */,
				C02FE64526503EE30031B659 /* Release */,
			);
			defaultConfigurationIsVisible = 0;
			defaultConfigurationName = Release;
		};
/* End XCConfigurationList section */

/* Begin XCRemoteSwiftPackageReference section */
		C02FE67F26504B880031B659 /* XCRemoteSwiftPackageReference "sdk-ios" */ = {
			isa = XCRemoteSwiftPackageReference;
			repositoryURL = "https://github.com/ftauth/sdk-ios.git";
			requirement = {
				kind = upToNextMajorVersion;
				minimumVersion = 0.0.2;
			};
		};
/* End XCRemoteSwiftPackageReference section */

/* Begin XCSwiftPackageProductDependency section */
		C02FE68026504B880031B659 /* FTAuth */ = {
			isa = XCSwiftPackageProductDependency;
			package = C02FE67F26504B880031B659 /* XCRemoteSwiftPackageReference "sdk-ios" */;
			productName = FTAuth;
		};
		C02FE687265050520031B659 /* FTAuth */ = {
			isa = XCSwiftPackageProductDependency;
			package = C02FE67F26504B880031B659 /* XCRemoteSwiftPackageReference "sdk-ios" */;
			productName = FTAuth;
		};
/* End XCSwiftPackageProductDependency section */
	};
	rootObject = C02FE60426503EE20031B659 /* Project object */;
}
