{
  "object": {
    "pins": [
      {
        "package": "KeychainAccess",
        "repositoryURL": "https://github.com/kishikawakatsumi/KeychainAccess.git",
        "state": {
          "branch": null,
          "revision": "84e546727d66f1adc5439debad16270d0fdd04e7",
          "version": "4.2.2"
        }
      },
      {
        "package": "FTAuth",
        "repositoryURL": "https://github.com/ftauth/sdk-ios.git",
        "state": {
          "branch": "main",
          "revision": "8d0ddc40267ecdc647a233a83b01d967ae584ac0",
          "version": null
        }
      }
    ]
  },
  "version": 1
}
